
Microsoft Visual Studio Solution File, Format Version 12.00
# Visual Studio Version 17
VisualStudioVersion = 17.7.34018.315
MinimumVisualStudioVersion = 10.0.40219.1
Project("{FAE04EC0-301F-11D3-BF4B-00C04F79EFBC}") = "DEMOAPP", "DEMOAPP.csproj", "{64F2AD21-220F-4FE8-9DFE-967B4E0ABFCD}"
EndProject
Global
	GlobalSection(SolutionConfigurationPlatforms) = preSolution
		Debug|Any CPU = Debug|Any CPU
		Release|Any CPU = Release|Any CPU
	EndGlobalSection
	GlobalSection(ProjectConfigurationPlatforms) = postSolution
		{64F2AD21-220F-4FE8-9DFE-967B4E0ABFCD}.Debug|Any CPU.ActiveCfg = Debug|Any CPU
		{64F2AD21-220F-4FE8-9DFE-967B4E0ABFCD}.Debug|Any CPU.Build.0 = Debug|Any CPU
		{64F2AD21-220F-4FE8-9DFE-967B4E0ABFCD}.Release|Any CPU.ActiveCfg = Release|Any CPU
		{64F2AD21-220F-4FE8-9DFE-967B4E0ABFCD}.Release|Any CPU.Build.0 = Release|Any CPU
	EndGlobalSection
	GlobalSection(SolutionProperties) = preSolution
		HideSolutionNode = FALSE
	EndGlobalSection
	GlobalSection(ExtensibilityGlobals) = postSolution
		SolutionGuid = {8FB6CF9C-FBAE-4D1B-9A47-472C73A10580}
	EndGlobalSection
EndGlobal
